
Microsoft Visual Studio Solution File, Format Version 12.00
# Visual Studio 15
VisualStudioVersion = 15.0.28010.2016
MinimumVisualStudioVersion = 10.0.40219.1
Project("{9A19103F-16F7-4668-BE54-9A1E7A4F7556}") = "ApplicationToActivityMapper", "ApplicationToActivityMapper\ApplicationToActivityMapper.csproj", "{0D27BD96-33FB-43D8-A4AB-0CC45B7ADF42}"
EndProject
Project("{FAE04EC0-301F-11D3-BF4B-00C04F79EFBC}") = "ApplicationToActivityMapperTests", "ApplicationToActivityMapperTests\ApplicationToActivityMapperTests.csproj", "{04D4232B-50D5-437E-A1C8-53004C0DE338}"
EndProject
Global
	GlobalSection(SolutionConfigurationPlatforms) = preSolution
		Debug|Any CPU = Debug|Any CPU
		Release|Any CPU = Release|Any CPU
	EndGlobalSection
	GlobalSection(ProjectConfigurationPlatforms) = postSolution
		{0D27BD96-33FB-43D8-A4AB-0CC45B7ADF42}.Debug|Any CPU.ActiveCfg = Debug|Any CPU
		{0D27BD96-33FB-43D8-A4AB-0CC45B7ADF42}.Debug|Any CPU.Build.0 = Debug|Any CPU
		{0D27BD96-33FB-43D8-A4AB-0CC45B7ADF42}.Release|Any CPU.ActiveCfg = Release|Any CPU
		{0D27BD96-33FB-43D8-A4AB-0CC45B7ADF42}.Release|Any CPU.Build.0 = Release|Any CPU
		{04D4232B-50D5-437E-A1C8-53004C0DE338}.Debug|Any CPU.ActiveCfg = Debug|Any CPU
		{04D4232B-50D5-437E-A1C8-53004C0DE338}.Debug|Any CPU.Build.0 = Debug|Any CPU
		{04D4232B-50D5-437E-A1C8-53004C0DE338}.Release|Any CPU.ActiveCfg = Release|Any CPU
		{04D4232B-50D5-437E-A1C8-53004C0DE338}.Release|Any CPU.Build.0 = Release|Any CPU
	EndGlobalSection
	GlobalSection(SolutionProperties) = preSolution
		HideSolutionNode = FALSE
	EndGlobalSection
	GlobalSection(ExtensibilityGlobals) = postSolution
		SolutionGuid = {1EE0E895-FB91-4506-BCE4-1D827402B1C1}
	EndGlobalSection
EndGlobal
